// !$*UTF8*$!
{
	archiveVersion = 1;
	classes = {
	};
	objectVersion = 46;
	objects = {

/* Begin PBXBuildFile section */
		AF48D94D1A84650C008C6C79 /* AppDelegate.swift in Sources */ = {isa = PBXBuildFile; fileRef = AF48D94C1A84650C008C6C79 /* AppDelegate.swift */; };
		AF48D94F1A84650C008C6C79 /* ViewController.swift in Sources */ = {isa = PBXBuildFile; fileRef = AF48D94E1A84650C008C6C79 /* ViewController.swift */; };
		AF48D9521A84650C008C6C79 /* Main.storyboard in Resources */ = {isa = PBXBuildFile; fileRef = AF48D9501A84650C008C6C79 /* Main.storyboard */; };
		AF48D9541A84650C008C6C79 /* Images.xcassets in Resources */ = {isa = PBXBuildFile; fileRef = AF48D9531A84650C008C6C79 /* Images.xcassets */; };
		AF48D9571A84650C008C6C79 /* LaunchScreen.xib in Resources */ = {isa = PBXBuildFile; fileRef = AF48D9551A84650C008C6C79 /* LaunchScreen.xib */; };
		AF48D9631A84650C008C6C79 /* mnazari_project1Tests.swift in Sources */ = {isa = PBXBuildFile; fileRef = AF48D9621A84650C008C6C79 /* mnazari_project1Tests.swift */; };
		AFD5BDB11A89E01B00EED264 /* GameTiles.swift in Sources */ = {isa = PBXBuildFile; fileRef = AFD5BDB01A89E01B00EED264 /* GameTiles.swift */; };
/* End PBXBuildFile section */

/* Begin PBXContainerItemProxy section */
		AF48D95D1A84650C008C6C79 /* PBXContainerItemProxy */ = {
			isa = PBXContainerItemProxy;
			containerPortal = AF48D93F1A84650C008C6C79 /* Project object */;
			proxyType = 1;
			remoteGlobalIDString = AF48D9461A84650C008C6C79;
			remoteInfo = mnazari_project1;
		};
/* End PBXContainerItemProxy section */

/* Begin PBXFileReference section */
		AF48D9471A84650C008C6C79 /* mnazari_project1.app */ = {isa = PBXFileReference; explicitFileType = wrapper.application; includeInIndex = 0; path = mnazari_project1.app; sourceTree = BUILT_PRODUCTS_DIR; };
		AF48D94B1A84650C008C6C79 /* Info.plist */ = {isa = PBXFileReference; lastKnownFileType = text.plist.xml; path = Info.plist; sourceTree = "<group>"; };
		AF48D94C1A84650C008C6C79 /* AppDelegate.swift */ = {isa = PBXFileReference; lastKnownFileType = sourcecode.swift; path = AppDelegate.swift; sourceTree = "<group>"; };
		AF48D94E1A84650C008C6C79 /* ViewController.swift */ = {isa = PBXFileReference; lastKnownFileType = sourcecode.swift; path = ViewController.swift; sourceTree = "<group>"; };
		AF48D9511A84650C008C6C79 /* Base */ = {isa = PBXFileReference; lastKnownFileType = file.storyboard; name = Base; path = Base.lproj/Main.storyboard; sourceTree = "<group>"; };
		AF48D9531A84650C008C6C79 /* Images.xcassets */ = {isa = PBXFileReference; lastKnownFileType = folder.assetcatalog; path = Images.xcassets; sourceTree = "<group>"; };
		AF48D9561A84650C008C6C79 /* Base */ = {isa = PBXFileReference; lastKnownFileType = file.xib; name = Base; path = Base.lproj/LaunchScreen.xib; sourceTree = "<group>"; };
		AF48D95C1A84650C008C6C79 /* mnazari_project1Tests.xctest */ = {isa = PBXFileReference; explicitFileType = wrapper.cfbundle; includeInIndex = 0; path = mnazari_project1Tests.xctest; sourceTree = BUILT_PRODUCTS_DIR; };
		AF48D9611A84650C008C6C79 /* Info.plist */ = {isa = PBXFileReference; lastKnownFileType = text.plist.xml; path = Info.plist; sourceTree = "<group>"; };
		AF48D9621A84650C008C6C79 /* mnazari_project1Tests.swift */ = {isa = PBXFileReference; lastKnownFileType = sourcecode.swift; path = mnazari_project1Tests.swift; sourceTree = "<group>"; };
		AFD5BDB01A89E01B00EED264 /* GameTiles.swift */ = {isa = PBXFileReference; fileEncoding = 4; lastKnownFileType = sourcecode.swift; path = GameTiles.swift; sourceTree = "<group>"; };
/* End PBXFileReference section */

/* Begin PBXFrameworksBuildPhase section */
		AF48D9441A84650C008C6C79 /* Frameworks */ = {
			isa = PBXFrameworksBuildPhase;
			buildActionMask = 2147483647;
			files = (
			);
			runOnlyForDeploymentPostprocessing = 0;
		};
		AF48D9591A84650C008C6C79 /* Frameworks */ = {
			isa = PBXFrameworksBuildPhase;
			buildActionMask = 2147483647;
			files = (
			);
			runOnlyForDeploymentPostprocessing = 0;
		};
/* End PBXFrameworksBuildPhase section */

/* Begin PBXGroup section */
		AF48D93E1A84650C008C6C79 = {
			isa = PBXGroup;
			children = (
				AF48D9491A84650C008C6C79 /* mnazari_project1 */,
				AF48D95F1A84650C008C6C79 /* mnazari_project1Tests */,
				AF48D9481A84650C008C6C79 /* Products */,
			);
			sourceTree = "<group>";
		};
		AF48D9481A84650C008C6C79 /* Products */ = {
			isa = PBXGroup;
			children = (
				AF48D9471A84650C008C6C79 /* mnazari_project1.app */,
				AF48D95C1A84650C008C6C79 /* mnazari_project1Tests.xctest */,
			);
			name = Products;
			sourceTree = "<group>";
		};
		AF48D9491A84650C008C6C79 /* mnazari_project1 */ = {
			isa = PBXGroup;
			children = (
				AF48D94C1A84650C008C6C79 /* AppDelegate.swift */,
				AF48D94E1A84650C008C6C79 /* ViewController.swift */,
				AFD5BDB01A89E01B00EED264 /* GameTiles.swift */,
				AF48D9501A84650C008C6C79 /* Main.storyboard */,
				AF48D9531A84650C008C6C79 /* Images.xcassets */,
				AF48D9551A84650C008C6C79 /* LaunchScreen.xib */,
				AF48D94A1A84650C008C6C79 /* Supporting Files */,
			);
			path = mnazari_project1;
			sourceTree = "<group>";
		};
		AF48D94A1A84650C008C6C79 /* Supporting Files */ = {
			isa = PBXGroup;
			children = (
				AF48D94B1A84650C008C6C79 /* Info.plist */,
			);
			name = "Supporting Files";
			sourceTree = "<group>";
		};
		AF48D95F1A84650C008C6C79 /* mnazari_project1Tests */ = {
			isa = PBXGroup;
			children = (
				AF48D9621A84650C008C6C79 /* mnazari_project1Tests.swift */,
				AF48D9601A84650C008C6C79 /* Supporting Files */,
			);
			path = mnazari_project1Tests;
			sourceTree = "<group>";
		};
		AF48D9601A84650C008C6C79 /* Supporting Files */ = {
			isa = PBXGroup;
			children = (
				AF48D9611A84650C008C6C79 /* Info.plist */,
			);
			name = "Supporting Files";
			sourceTree = "<group>";
		};
/* End PBXGroup section */

/* Begin PBXNativeTarget section */
		AF48D9461A84650C008C6C79 /* mnazari_project1 */ = {
			isa = PBXNativeTarget;
			buildConfigurationList = AF48D9661A84650C008C6C79 /* Build configuration list for PBXNativeTarget "mnazari_project1" */;
			buildPhases = (
				AF48D9431A84650C008C6C79 /* Sources */,
				AF48D9441A84650C008C6C79 /* Frameworks */,
				AF48D9451A84650C008C6C79 /* Resources */,
			);
			buildRules = (
			);
			dependencies = (
			);
			name = mnazari_project1;
			productName = mnazari_project1;
			productReference = AF48D9471A84650C008C6C79 /* mnazari_project1.app */;
			productType = "com.apple.product-type.application";
		};
		AF48D95B1A84650C008C6C79 /* mnazari_project1Tests */ = {
			isa = PBXNativeTarget;
			buildConfigurationList = AF48D9691A84650C008C6C79 /* Build configuration list for PBXNativeTarget "mnazari_project1Tests" */;
			buildPhases = (
				AF48D9581A84650C008C6C79 /* Sources */,
				AF48D9591A84650C008C6C79 /* Frameworks */,
				AF48D95A1A84650C008C6C79 /* Resources */,
			);
			buildRules = (
			);
			dependencies = (
				AF48D95E1A84650C008C6C79 /* PBXTargetDependency */,
			);
			name = mnazari_project1Tests;
			productName = mnazari_project1Tests;
			productReference = AF48D95C1A84650C008C6C79 /* mnazari_project1Tests.xctest */;
			productType = "com.apple.product-type.bundle.unit-test";
		};
/* End PBXNativeTarget section */

/* Begin PBXProject section */
		AF48D93F1A84650C008C6C79 /* Project object */ = {
			isa = PBXProject;
			attributes = {
				LastSwiftMigration = 0700;
				LastSwiftUpdateCheck = 0700;
				LastUpgradeCheck = 0610;
				ORGANIZATIONNAME = "Bug Catcher Studios";
				TargetAttributes = {
					AF48D9461A84650C008C6C79 = {
						CreatedOnToolsVersion = 6.1.1;
					};
					AF48D95B1A84650C008C6C79 = {
						CreatedOnToolsVersion = 6.1.1;
						TestTargetID = AF48D9461A84650C008C6C79;
					};
				};
			};
			buildConfigurationList = AF48D9421A84650C008C6C79 /* Build configuration list for PBXProject "mnazari_project1" */;
			compatibilityVersion = "Xcode 3.2";
			developmentRegion = English;
			hasScannedForEncodings = 0;
			knownRegions = (
				en,
				Base,
			);
			mainGroup = AF48D93E1A84650C008C6C79;
			productRefGroup = AF48D9481A84650C008C6C79 /* Products */;
			projectDirPath = "";
			projectRoot = "";
			targets = (
				AF48D9461A84650C008C6C79 /* mnazari_project1 */,
				AF48D95B1A84650C008C6C79 /* mnazari_project1Tests */,
			);
		};
/* End PBXProject section */

/* Begin PBXResourcesBuildPhase section */
		AF48D9451A84650C008C6C79 /* Resources */ = {
			isa = PBXResourcesBuildPhase;
			buildActionMask = 2147483647;
			files = (
				AF48D9521A84650C008C6C79 /* Main.storyboard in Resources */,
				AF48D9571A84650C008C6C79 /* LaunchScreen.xib in Resources */,
				AF48D9541A84650C008C6C79 /* Images.xcassets in Resources */,
			);
			runOnlyForDeploymentPostprocessing = 0;
		};
		AF48D95A1A84650C008C6C79 /* Resources */ = {
			isa = PBXResourcesBuildPhase;
			buildActionMask = 2147483647;
			files = (
			);
			runOnlyForDeploymentPostprocessing = 0;
		};
/* End PBXResourcesBuildPhase section */

/* Begin PBXSourcesBuildPhase section */
		AF48D9431A84650C008C6C79 /* Sources */ = {
			isa = PBXSourcesBuildPhase;
			buildActionMask = 2147483647;
			files = (
				AFD5BDB11A89E01B00EED264 /* GameTiles.swift in Sources */,
				AF48D94F1A84650C008C6C79 /* ViewController.swift in Sources */,
				AF48D94D1A84650C008C6C79 /* AppDelegate.swift in Sources */,
			);
			runOnlyForDeploymentPostprocessing = 0;
		};
		AF48D9581A84650C008C6C79 /* Sources */ = {
			isa = PBXSourcesBuildPhase;
			buildActionMask = 2147483647;
			files = (
				AF48D9631A84650C008C6C79 /* mnazari_project1Tests.swift in Sources */,
			);
			runOnlyForDeploymentPostprocessing = 0;
		};
/* End PBXSourcesBuildPhase section */

/* Begin PBXTargetDependency section */
		AF48D95E1A84650C008C6C79 /* PBXTargetDependency */ = {
			isa = PBXTargetDependency;
			target = AF48D9461A84650C008C6C79 /* mnazari_project1 */;
			targetProxy = AF48D95D1A84650C008C6C79 /* PBXContainerItemProxy */;
		};
/* End PBXTargetDependency section */

/* Begin PBXVariantGroup section */
		AF48D9501A84650C008C6C79 /* Main.storyboard */ = {
			isa = PBXVariantGroup;
			children = (
				AF48D9511A84650C008C6C79 /* Base */,
			);
			name = Main.storyboard;
			sourceTree = "<group>";
		};
		AF48D9551A84650C008C6C79 /* LaunchScreen.xib */ = {
			isa = PBXVariantGroup;
			children = (
				AF48D9561A84650C008C6C79 /* Base */,
			);
			name = LaunchScreen.xib;
			sourceTree = "<group>";
		};
/* End PBXVariantGroup section */

/* Begin XCBuildConfiguration section */
		AF48D9641A84650C008C6C79 /* Debug */ = {
			isa = XCBuildConfiguration;
			buildSettings = {
				ALWAYS_SEARCH_USER_PATHS = NO;
				CLANG_CXX_LANGUAGE_STANDARD = "gnu++0x";
				CLANG_CXX_LIBRARY = "libc++";
				CLANG_ENABLE_MODULES = YES;
				CLANG_ENABLE_OBJC_ARC = YES;
				CLANG_WARN_BOOL_CONVERSION = YES;
				CLANG_WARN_CONSTANT_CONVERSION = YES;
				CLANG_WARN_DIRECT_OBJC_ISA_USAGE = YES_ERROR;
				CLANG_WARN_EMPTY_BODY = YES;
				CLANG_WARN_ENUM_CONVERSION = YES;
				CLANG_WARN_INT_CONVERSION = YES;
				CLANG_WARN_OBJC_ROOT_CLASS = YES_ERROR;
				CLANG_WARN_UNREACHABLE_CODE = YES;
				CLANG_WARN__DUPLICATE_METHOD_MATCH = YES;
				"CODE_SIGN_IDENTITY[sdk=iphoneos*]" = "iPhone Developer";
				COPY_PHASE_STRIP = NO;
				ENABLE_STRICT_OBJC_MSGSEND = YES;
				GCC_C_LANGUAGE_STANDARD = gnu99;
				GCC_DYNAMIC_NO_PIC = NO;
				GCC_OPTIMIZATION_LEVEL = 0;
				GCC_PREPROCESSOR_DEFINITIONS = (
					"DEBUG=1",
					"$(inherited)",
				);
				GCC_SYMBOLS_PRIVATE_EXTERN = NO;
				GCC_WARN_64_TO_32_BIT_CONVERSION = YES;
				GCC_WARN_ABOUT_RETURN_TYPE = YES_ERROR;
				GCC_WARN_UNDECLARED_SELECTOR = YES;
				GCC_WARN_UNINITIALIZED_AUTOS = YES_AGGRESSIVE;
				GCC_WARN_UNUSED_FUNCTION = YES;
				GCC_WARN_UNUSED_VARIABLE = YES;
				IPHONEOS_DEPLOYMENT_TARGET = 8.1;
				MTL_ENABLE_DEBUG_INFO = YES;
				ONLY_ACTIVE_ARCH = YES;
				SDKROOT = iphoneos;
				SWIFT_OPTIMIZATION_LEVEL = "-Onone";
				TARGETED_DEVICE_FAMILY = "1,2";
			};
			name = Debug;
		};
		AF48D9651A84650C008C6C79 /* Release */ = {
			isa = XCBuildConfiguration;
			buildSettings = {
				ALWAYS_SEARCH_USER_PATHS = NO;
				CLANG_CXX_LANGUAGE_STANDARD = "gnu++0x";
				CLANG_CXX_LIBRARY = "libc++";
				CLANG_ENABLE_MODULES = YES;
				CLANG_ENABLE_OBJC_ARC = YES;
				CLANG_WARN_BOOL_CONVERSION = YES;
				CLANG_WARN_CONSTANT_CONVERSION = YES;
				CLANG_WARN_DIRECT_OBJC_ISA_USAGE = YES_ERROR;
				CLANG_WARN_EMPTY_BODY = YES;
				CLANG_WARN_ENUM_CONVERSION = YES;
				CLANG_WARN_INT_CONVERSION = YES;
				CLANG_WARN_OBJC_ROOT_CLASS = YES_ERROR;
				CLANG_WARN_UNREACHABLE_CODE = YES;
				CLANG_WARN__DUPLICATE_METHOD_MATCH = YES;
				"CODE_SIGN_IDENTITY[sdk=iphoneos*]" = "iPhone Developer";
				COPY_PHASE_STRIP = YES;
				ENABLE_NS_ASSERTIONS = NO;
				ENABLE_STRICT_OBJC_MSGSEND = YES;
				GCC_C_LANGUAGE_STANDARD = gnu99;
				GCC_WARN_64_TO_32_BIT_CONVERSION = YES;
				GCC_WARN_ABOUT_RETURN_TYPE = YES_ERROR;
				GCC_WARN_UNDECLARED_SELECTOR = YES;
				GCC_WARN_UNINITIALIZED_AUTOS = YES_AGGRESSIVE;
				GCC_WARN_UNUSED_FUNCTION = YES;
				GCC_WARN_UNUSED_VARIABLE = YES;
				IPHONEOS_DEPLOYMENT_TARGET = 8.1;
				MTL_ENABLE_DEBUG_INFO = NO;
				SDKROOT = iphoneos;
				TARGETED_DEVICE_FAMILY = "1,2";
				VALIDATE_PRODUCT = YES;
			};
			name = Release;
		};
		AF48D9671A84650C008C6C79 /* Debug */ = {
			isa = XCBuildConfiguration;
			buildSettings = {
				ASSETCATALOG_COMPILER_APPICON_NAME = AppIcon;
				INFOPLIST_FILE = mnazari_project1/Info.plist;
				LD_RUNPATH_SEARCH_PATHS = "$(inherited) @executable_path/Frameworks";
				PRODUCT_NAME = "$(TARGET_NAME)";
			};
			name = Debug;
		};
		AF48D9681A84650C008C6C79 /* Release */ = {
			isa = XCBuildConfiguration;
			buildSettings = {
				ASSETCATALOG_COMPILER_APPICON_NAME = AppIcon;
				INFOPLIST_FILE = mnazari_project1/Info.plist;
				LD_RUNPATH_SEARCH_PATHS = "$(inherited) @executable_path/Frameworks";
				PRODUCT_NAME = "$(TARGET_NAME)";
			};
			name = Release;
		};
		AF48D96A1A84650C008C6C79 /* Debug */ = {
			isa = XCBuildConfiguration;
			buildSettings = {
				BUNDLE_LOADER = "$(TEST_HOST)";
				FRAMEWORK_SEARCH_PATHS = (
					"$(SDKROOT)/Developer/Library/Frameworks",
					"$(inherited)",
				);
				GCC_PREPROCESSOR_DEFINITIONS = (
					"DEBUG=1",
					"$(inherited)",
				);
				INFOPLIST_FILE = mnazari_project1Tests/Info.plist;
				LD_RUNPATH_SEARCH_PATHS = "$(inherited) @executable_path/Frameworks @loader_path/Frameworks";
				PRODUCT_NAME = "$(TARGET_NAME)";
				TEST_HOST = "$(BUILT_PRODUCTS_DIR)/mnazari_project1.app/mnazari_project1";
			};
			name = Debug;
		};
		AF48D96B1A84650C008C6C79 /* Release */ = {
			isa = XCBuildConfiguration;
			buildSettings = {
				BUNDLE_LOADER = "$(TEST_HOST)";
				FRAMEWORK_SEARCH_PATHS = (
					"$(SDKROOT)/Developer/Library/Frameworks",
					"$(inherited)",
				);
				INFOPLIST_FILE = mnazari_project1Tests/Info.plist;
				LD_RUNPATH_SEARCH_PATHS = "$(inherited) @executable_path/Frameworks @loader_path/Frameworks";
				PRODUCT_NAME = "$(TARGET_NAME)";
				TEST_HOST = "$(BUILT_PRODUCTS_DIR)/mnazari_project1.app/mnazari_project1";
			};
			name = Release;
		};
/* End XCBuildConfiguration section */

/* Begin XCConfigurationList section */
		AF48D9421A84650C008C6C79 /* Build configuration list for PBXProject "mnazari_project1" */ = {
			isa = XCConfigurationList;
			buildConfigurations = (
				AF48D9641A84650C008C6C79 /* Debug */,
				AF48D9651A84650C008C6C79 /* Release */,
			);
			defaultConfigurationIsVisible = 0;
			defaultConfigurationName = Release;
		};
		AF48D9661A84650C008C6C79 /* Build configuration list for PBXNativeTarget "mnazari_project1" */ = {
			isa = XCConfigurationList;
			buildConfigurations = (
				AF48D9671A84650C008C6C79 /* Debug */,
				AF48D9681A84650C008C6C79 /* Release */,
			);
			defaultConfigurationIsVisible = 0;
			defaultConfigurationName = Release;
		};
		AF48D9691A84650C008C6C79 /* Build configuration list for PBXNativeTarget "mnazari_project1Tests" */ = {
			isa = XCConfigurationList;
			buildConfigurations = (
				AF48D96A1A84650C008C6C79 /* Debug */,
				AF48D96B1A84650C008C6C79 /* Release */,
			);
			defaultConfigurationIsVisible = 0;
			defaultConfigurationName = Release;
		};
/* End XCConfigurationList section */
	};
	rootObject = AF48D93F1A84650C008C6C79 /* Project object */;
}
